
Microsoft Visual Studio Solution File, Format Version 12.00
# Visual Studio 15
VisualStudioVersion = 15.0.28307.168
MinimumVisualStudioVersion = 10.0.40219.1
Project("{FAE04EC0-301F-11D3-BF4B-00C04F79EFBC}") = "ConsoleApp", "ConsoleApp\ConsoleApp.csproj", "{0C6A0481-3B60-4127-BE46-524AECD0626A}"
EndProject
Project("{FAE04EC0-301F-11D3-BF4B-00C04F79EFBC}") = "ConsoleApp2", "ConsoleApp2\ConsoleApp2.csproj", "{58156B86-2192-4037-8A39-D754F115920A}"
EndProject
Project("{FAE04EC0-301F-11D3-BF4B-00C04F79EFBC}") = "Own.MVC", "Own.MVC\Own.MVC.csproj", "{7C9D5873-96C7-42DF-8CD6-E2762B4F858F}"
EndProject
Project("{FAE04EC0-301F-11D3-BF4B-00C04F79EFBC}") = "Own.BLL", "Own.BLL\Own.BLL.csproj", "{57C433BD-126D-41A0-A66F-A29D513B954A}"
EndProject
Project("{FAE04EC0-301F-11D3-BF4B-00C04F79EFBC}") = "Own.DAL", "Own.DAL\Own.DAL.csproj", "{65FAADEC-0705-4A6A-A42F-7BEBE9A8F0EA}"
EndProject
Project("{FAE04EC0-301F-11D3-BF4B-00C04F79EFBC}") = "Own.Models", "Own.Models\Own.Models.csproj", "{53B28F60-45EB-4223-B384-517630E2C255}"
EndProject
Project("{FAE04EC0-301F-11D3-BF4B-00C04F79EFBC}") = "Own.Interface", "Own.Interface\Own.Interface.csproj", "{5E19325B-6F27-45D4-8149-3EF16D1B8A8B}"
EndProject
Project("{FAE04EC0-301F-11D3-BF4B-00C04F79EFBC}") = "Own.Common", "Own.Common\Own.Common.csproj", "{0D3F36CA-254B-4F3B-A6D9-B9F2DD5ECF13}"
EndProject
Project("{FAE04EC0-301F-11D3-BF4B-00C04F79EFBC}") = "CshapetestTest1", "Cshapetest\CshapetestTest1.csproj", "{B7FBEB52-E797-45E4-9F35-A7A5789BD1B3}"
EndProject
Project("{FAE04EC0-301F-11D3-BF4B-00C04F79EFBC}") = "DashBoradTest2", "DashBorad\DashBoradTest2.csproj", "{3197DE8D-0684-404A-9C13-FF9D652EC43A}"
EndProject
Global
	GlobalSection(SolutionConfigurationPlatforms) = preSolution
		Debug|Any CPU = Debug|Any CPU
		Release|Any CPU = Release|Any CPU
	EndGlobalSection
	GlobalSection(ProjectConfigurationPlatforms) = postSolution
		{0C6A0481-3B60-4127-BE46-524AECD0626A}.Debug|Any CPU.ActiveCfg = Debug|Any CPU
		{0C6A0481-3B60-4127-BE46-524AECD0626A}.Debug|Any CPU.Build.0 = Debug|Any CPU
		{0C6A0481-3B60-4127-BE46-524AECD0626A}.Release|Any CPU.ActiveCfg = Release|Any CPU
		{0C6A0481-3B60-4127-BE46-524AECD0626A}.Release|Any CPU.Build.0 = Release|Any CPU
		{58156B86-2192-4037-8A39-D754F115920A}.Debug|Any CPU.ActiveCfg = Debug|Any CPU
		{58156B86-2192-4037-8A39-D754F115920A}.Debug|Any CPU.Build.0 = Debug|Any CPU
		{58156B86-2192-4037-8A39-D754F115920A}.Release|Any CPU.ActiveCfg = Release|Any CPU
		{58156B86-2192-4037-8A39-D754F115920A}.Release|Any CPU.Build.0 = Release|Any CPU
		{7C9D5873-96C7-42DF-8CD6-E2762B4F858F}.Debug|Any CPU.ActiveCfg = Debug|Any CPU
		{7C9D5873-96C7-42DF-8CD6-E2762B4F858F}.Debug|Any CPU.Build.0 = Debug|Any CPU
		{7C9D5873-96C7-42DF-8CD6-E2762B4F858F}.Release|Any CPU.ActiveCfg = Release|Any CPU
		{7C9D5873-96C7-42DF-8CD6-E2762B4F858F}.Release|Any CPU.Build.0 = Release|Any CPU
		{57C433BD-126D-41A0-A66F-A29D513B954A}.Debug|Any CPU.ActiveCfg = Debug|Any CPU
		{57C433BD-126D-41A0-A66F-A29D513B954A}.Debug|Any CPU.Build.0 = Debug|Any CPU
		{57C433BD-126D-41A0-A66F-A29D513B954A}.Release|Any CPU.ActiveCfg = Release|Any CPU
		{57C433BD-126D-41A0-A66F-A29D513B954A}.Release|Any CPU.Build.0 = Release|Any CPU
		{65FAADEC-0705-4A6A-A42F-7BEBE9A8F0EA}.Debug|Any CPU.ActiveCfg = Debug|Any CPU
		{65FAADEC-0705-4A6A-A42F-7BEBE9A8F0EA}.Debug|Any CPU.Build.0 = Debug|Any CPU
		{65FAADEC-0705-4A6A-A42F-7BEBE9A8F0EA}.Release|Any CPU.ActiveCfg = Release|Any CPU
		{65FAADEC-0705-4A6A-A42F-7BEBE9A8F0EA}.Release|Any CPU.Build.0 = Release|Any CPU
		{53B28F60-45EB-4223-B384-517630E2C255}.Debug|Any CPU.ActiveCfg = Debug|Any CPU
		{53B28F60-45EB-4223-B384-517630E2C255}.Debug|Any CPU.Build.0 = Debug|Any CPU
		{53B28F60-45EB-4223-B384-517630E2C255}.Release|Any CPU.ActiveCfg = Release|Any CPU
		{53B28F60-45EB-4223-B384-517630E2C255}.Release|Any CPU.Build.0 = Release|Any CPU
		{5E19325B-6F27-45D4-8149-3EF16D1B8A8B}.Debug|Any CPU.ActiveCfg = Debug|Any CPU
		{5E19325B-6F27-45D4-8149-3EF16D1B8A8B}.Debug|Any CPU.Build.0 = Debug|Any CPU
		{5E19325B-6F27-45D4-8149-3EF16D1B8A8B}.Release|Any CPU.ActiveCfg = Release|Any CPU
		{5E19325B-6F27-45D4-8149-3EF16D1B8A8B}.Release|Any CPU.Build.0 = Release|Any CPU
		{0D3F36CA-254B-4F3B-A6D9-B9F2DD5ECF13}.Debug|Any CPU.ActiveCfg = Debug|Any CPU
		{0D3F36CA-254B-4F3B-A6D9-B9F2DD5ECF13}.Debug|Any CPU.Build.0 = Debug|Any CPU
		{0D3F36CA-254B-4F3B-A6D9-B9F2DD5ECF13}.Release|Any CPU.ActiveCfg = Release|Any CPU
		{0D3F36CA-254B-4F3B-A6D9-B9F2DD5ECF13}.Release|Any CPU.Build.0 = Release|Any CPU
		{B7FBEB52-E797-45E4-9F35-A7A5789BD1B3}.Debug|Any CPU.ActiveCfg = Debug|Any CPU
		{B7FBEB52-E797-45E4-9F35-A7A5789BD1B3}.Debug|Any CPU.Build.0 = Debug|Any CPU
		{B7FBEB52-E797-45E4-9F35-A7A5789BD1B3}.Release|Any CPU.ActiveCfg = Release|Any CPU
		{B7FBEB52-E797-45E4-9F35-A7A5789BD1B3}.Release|Any CPU.Build.0 = Release|Any CPU
		{3197DE8D-0684-404A-9C13-FF9D652EC43A}.Debug|Any CPU.ActiveCfg = Debug|Any CPU
		{3197DE8D-0684-404A-9C13-FF9D652EC43A}.Debug|Any CPU.Build.0 = Debug|Any CPU
		{3197DE8D-0684-404A-9C13-FF9D652EC43A}.Release|Any CPU.ActiveCfg = Release|Any CPU
		{3197DE8D-0684-404A-9C13-FF9D652EC43A}.Release|Any CPU.Build.0 = Release|Any CPU
	EndGlobalSection
	GlobalSection(SolutionProperties) = preSolution
		HideSolutionNode = FALSE
	EndGlobalSection
	GlobalSection(ExtensibilityGlobals) = postSolution
		SolutionGuid = {661390A8-F2F9-423C-8057-1512FCDEEE32}
	EndGlobalSection
EndGlobal
